Microsoft Visual Studio Solution File, Format Version 11.00
# Visual Studio 2008

Project("{17C9E95D-586E-5156-170E-605375992E0F}") = "Project_IWTB", "Assembly-CSharp-firstpass.csproj", "{0CBE2DD9-A4C4-E0AF-0B2B-CC20E63DD7F8}"
EndProject
Project("{17C9E95D-586E-5156-170E-605375992E0F}") = "Project_IWTB", "Assembly-CSharp.csproj", "{8D678B2D-0DBD-D5FD-4A4C-601F63C5CA41}"
EndProject
Project("{17C9E95D-586E-5156-170E-605375992E0F}") = "Project_IWTB", "Assembly-CSharp-Editor.csproj", "{53C2E9A8-3A64-8D1A-36CD-A2654DBFC237}"
EndProject
Global
	GlobalSection(SolutionConfigurationPlatforms) = preSolution
		Debug|Any CPU = Debug|Any CPU
		Release|Any CPU = Release|Any CPU
	EndGlobalSection
	GlobalSection(ProjectConfigurationPlatforms) = postSolution
		{0CBE2DD9-A4C4-E0AF-0B2B-CC20E63DD7F8}.Debug|Any CPU.ActiveCfg = Debug|Any CPU
		{0CBE2DD9-A4C4-E0AF-0B2B-CC20E63DD7F8}.Debug|Any CPU.Build.0 = Debug|Any CPU
		{0CBE2DD9-A4C4-E0AF-0B2B-CC20E63DD7F8}.Release|Any CPU.ActiveCfg = Release|Any CPU
		{0CBE2DD9-A4C4-E0AF-0B2B-CC20E63DD7F8}.Release|Any CPU.Build.0 = Release|Any CPU
		{8D678B2D-0DBD-D5FD-4A4C-601F63C5CA41}.Debug|Any CPU.ActiveCfg = Debug|Any CPU
		{8D678B2D-0DBD-D5FD-4A4C-601F63C5CA41}.Debug|Any CPU.Build.0 = Debug|Any CPU
		{8D678B2D-0DBD-D5FD-4A4C-601F63C5CA41}.Release|Any CPU.ActiveCfg = Release|Any CPU
		{8D678B2D-0DBD-D5FD-4A4C-601F63C5CA41}.Release|Any CPU.Build.0 = Release|Any CPU
		{53C2E9A8-3A64-8D1A-36CD-A2654DBFC237}.Debug|Any CPU.ActiveCfg = Debug|Any CPU
		{53C2E9A8-3A64-8D1A-36CD-A2654DBFC237}.Debug|Any CPU.Build.0 = Debug|Any CPU
		{53C2E9A8-3A64-8D1A-36CD-A2654DBFC237}.Release|Any CPU.ActiveCfg = Release|Any CPU
		{53C2E9A8-3A64-8D1A-36CD-A2654DBFC237}.Release|Any CPU.Build.0 = Release|Any CPU
	EndGlobalSection
	GlobalSection(SolutionProperties) = preSolution
		HideSolutionNode = FALSE
	EndGlobalSection
	GlobalSection(MonoDevelopProperties) = preSolution
		StartupItem = Assembly-CSharp.csproj
	EndGlobalSection
EndGlobal
